// !$*UTF8*$!
{
	archiveVersion = 1;
	classes = {
	};
	objectVersion = 56;
	objects = {

/* Begin PBXBuildFile section */
		5812A4F329BF5005002717F9 /* WeatherData.swift in Sources */ = {isa = PBXBuildFile; fileRef = 5812A4F229BF5005002717F9 /* WeatherData.swift */; };
		5812A4F529BF59FB002717F9 /* FinalWeatherManager.swift in Sources */ = {isa = PBXBuildFile; fileRef = 5812A4F429BF59FB002717F9 /* FinalWeatherManager.swift */; };
		5812A4F729BF5AAE002717F9 /* InfoView.swift in Sources */ = {isa = PBXBuildFile; fileRef = 5812A4F629BF5AAE002717F9 /* InfoView.swift */; };
		5812A4FB29BFBA54002717F9 /* WeatherFetchManager.swift in Sources */ = {isa = PBXBuildFile; fileRef = 5812A4FA29BFBA54002717F9 /* WeatherFetchManager.swift */; };
		58ABCE9129BD212500AF0682 /* AppDelegate.swift in Sources */ = {isa = PBXBuildFile; fileRef = 58ABCE9029BD212500AF0682 /* AppDelegate.swift */; };
		58ABCE9329BD212500AF0682 /* SceneDelegate.swift in Sources */ = {isa = PBXBuildFile; fileRef = 58ABCE9229BD212500AF0682 /* SceneDelegate.swift */; };
		58ABCE9529BD212500AF0682 /* ViewController.swift in Sources */ = {isa = PBXBuildFile; fileRef = 58ABCE9429BD212500AF0682 /* ViewController.swift */; };
		58ABCE9829BD212500AF0682 /* Main.storyboard in Resources */ = {isa = PBXBuildFile; fileRef = 58ABCE9629BD212500AF0682 /* Main.storyboard */; };
		58ABCE9A29BD212700AF0682 /* Assets.xcassets in Resources */ = {isa = PBXBuildFile; fileRef = 58ABCE9929BD212700AF0682 /* Assets.xcassets */; };
		58ABCE9D29BD212700AF0682 /* LaunchScreen.storyboard in Resources */ = {isa = PBXBuildFile; fileRef = 58ABCE9B29BD212700AF0682 /* LaunchScreen.storyboard */; };
/* End PBXBuildFile section */

/* Begin PBXFileReference section */
		5812A4F229BF5005002717F9 /* WeatherData.swift */ = {isa = PBXFileReference; lastKnownFileType = sourcecode.swift; path = WeatherData.swift; sourceTree = "<group>"; };
		5812A4F429BF59FB002717F9 /* FinalWeatherManager.swift */ = {isa = PBXFileReference; lastKnownFileType = sourcecode.swift; path = FinalWeatherManager.swift; sourceTree = "<group>"; };
		5812A4F629BF5AAE002717F9 /* InfoView.swift */ = {isa = PBXFileReference; lastKnownFileType = sourcecode.swift; path = InfoView.swift; sourceTree = "<group>"; };
		5812A4FA29BFBA54002717F9 /* WeatherFetchManager.swift */ = {isa = PBXFileReference; lastKnownFileType = sourcecode.swift; path = WeatherFetchManager.swift; sourceTree = "<group>"; };
		58ABCE8D29BD212500AF0682 /* WeatherBrick.app */ = {isa = PBXFileReference; explicitFileType = wrapper.application; includeInIndex = 0; path = WeatherBrick.app; sourceTree = BUILT_PRODUCTS_DIR; };
		58ABCE9029BD212500AF0682 /* AppDelegate.swift */ = {isa = PBXFileReference; lastKnownFileType = sourcecode.swift; path = AppDelegate.swift; sourceTree = "<group>"; };
		58ABCE9229BD212500AF0682 /* SceneDelegate.swift */ = {isa = PBXFileReference; lastKnownFileType = sourcecode.swift; path = SceneDelegate.swift; sourceTree = "<group>"; };
		58ABCE9429BD212500AF0682 /* ViewController.swift */ = {isa = PBXFileReference; lastKnownFileType = sourcecode.swift; path = ViewController.swift; sourceTree = "<group>"; };
		58ABCE9729BD212500AF0682 /* Base */ = {isa = PBXFileReference; lastKnownFileType = file.storyboard; name = Base; path = Base.lproj/Main.storyboard; sourceTree = "<group>"; };
		58ABCE9929BD212700AF0682 /* Assets.xcassets */ = {isa = PBXFileReference; lastKnownFileType = folder.assetcatalog; path = Assets.xcassets; sourceTree = "<group>"; };
		58ABCE9C29BD212700AF0682 /* Base */ = {isa = PBXFileReference; lastKnownFileType = file.storyboard; name = Base; path = Base.lproj/LaunchScreen.storyboard; sourceTree = "<group>"; };
		58ABCE9E29BD212700AF0682 /* Info.plist */ = {isa = PBXFileReference; lastKnownFileType = text.plist.xml; path = Info.plist; sourceTree = "<group>"; };
/* End PBXFileReference section */

/* Begin PBXFrameworksBuildPhase section */
		58ABCE8A29BD212500AF0682 /* Frameworks */ = {
			isa = PBXFrameworksBuildPhase;
			buildActionMask = 2147483647;
			files = (
			);
			runOnlyForDeploymentPostprocessing = 0;
		};
/* End PBXFrameworksBuildPhase section */

/* Begin PBXGroup section */
		5812A4F829BF5C87002717F9 /* View */ = {
			isa = PBXGroup;
			children = (
				58ABCE9429BD212500AF0682 /* ViewController.swift */,
				5812A4F629BF5AAE002717F9 /* InfoView.swift */,
			);
			path = View;
			sourceTree = "<group>";
		};
		5812A4F929BF5D0C002717F9 /* Managers */ = {
			isa = PBXGroup;
			children = (
				5812A4F229BF5005002717F9 /* WeatherData.swift */,
				5812A4F429BF59FB002717F9 /* FinalWeatherManager.swift */,
				5812A4FA29BFBA54002717F9 /* WeatherFetchManager.swift */,
			);
			path = Managers;
			sourceTree = "<group>";
		};
		58ABCE8429BD212500AF0682 = {
			isa = PBXGroup;
			children = (
				58ABCE8F29BD212500AF0682 /* WeatherBrick */,
				58ABCE8E29BD212500AF0682 /* Products */,
			);
			sourceTree = "<group>";
		};
		58ABCE8E29BD212500AF0682 /* Products */ = {
			isa = PBXGroup;
			children = (
				58ABCE8D29BD212500AF0682 /* WeatherBrick.app */,
			);
			name = Products;
			sourceTree = "<group>";
		};
		58ABCE8F29BD212500AF0682 /* WeatherBrick */ = {
			isa = PBXGroup;
			children = (
				58ABCE9029BD212500AF0682 /* AppDelegate.swift */,
				58ABCE9229BD212500AF0682 /* SceneDelegate.swift */,
				5812A4F829BF5C87002717F9 /* View */,
				5812A4F929BF5D0C002717F9 /* Managers */,
				58ABCE9629BD212500AF0682 /* Main.storyboard */,
				58ABCE9929BD212700AF0682 /* Assets.xcassets */,
				58ABCE9B29BD212700AF0682 /* LaunchScreen.storyboard */,
				58ABCE9E29BD212700AF0682 /* Info.plist */,
			);
			path = WeatherBrick;
			sourceTree = "<group>";
		};
/* End PBXGroup section */

/* Begin PBXNativeTarget section */
		58ABCE8C29BD212500AF0682 /* WeatherBrick */ = {
			isa = PBXNativeTarget;
			buildConfigurationList = 58ABCEA129BD212700AF0682 /* Build configuration list for PBXNativeTarget "WeatherBrick" */;
			buildPhases = (
				58ABCE8929BD212500AF0682 /* Sources */,
				58ABCE8A29BD212500AF0682 /* Frameworks */,
				58ABCE8B29BD212500AF0682 /* Resources */,
			);
			buildRules = (
			);
			dependencies = (
			);
			name = WeatherBrick;
			productName = WeatherBrick;
			productReference = 58ABCE8D29BD212500AF0682 /* WeatherBrick.app */;
			productType = "com.apple.product-type.application";
		};
/* End PBXNativeTarget section */

/* Begin PBXProject section */
		58ABCE8529BD212500AF0682 /* Project object */ = {
			isa = PBXProject;
			attributes = {
				BuildIndependentTargetsInParallel = 1;
				LastSwiftUpdateCheck = 1420;
				LastUpgradeCheck = 1420;
				TargetAttributes = {
					58ABCE8C29BD212500AF0682 = {
						CreatedOnToolsVersion = 14.2;
					};
				};
			};
			buildConfigurationList = 58ABCE8829BD212500AF0682 /* Build configuration list for PBXProject "WeatherBrick" */;
			compatibilityVersion = "Xcode 14.0";
			developmentRegion = en;
			hasScannedForEncodings = 0;
			knownRegions = (
				en,
				Base,
			);
			mainGroup = 58ABCE8429BD212500AF0682;
			productRefGroup = 58ABCE8E29BD212500AF0682 /* Products */;
			projectDirPath = "";
			projectRoot = "";
			targets = (
				58ABCE8C29BD212500AF0682 /* WeatherBrick */,
			);
		};
/* End PBXProject section */

/* Begin PBXResourcesBuildPhase section */
		58ABCE8B29BD212500AF0682 /* Resources */ = {
			isa = PBXResourcesBuildPhase;
			buildActionMask = 2147483647;
			files = (
				58ABCE9D29BD212700AF0682 /* LaunchScreen.storyboard in Resources */,
				58ABCE9A29BD212700AF0682 /* Assets.xcassets in Resources */,
				58ABCE9829BD212500AF0682 /* Main.storyboard in Resources */,
			);
			runOnlyForDeploymentPostprocessing = 0;
		};
/* End PBXResourcesBuildPhase section */

/* Begin PBXSourcesBuildPhase section */
		58ABCE8929BD212500AF0682 /* Sources */ = {
			isa = PBXSourcesBuildPhase;
			buildActionMask = 2147483647;
			files = (
				58ABCE9529BD212500AF0682 /* ViewController.swift in Sources */,
				5812A4FB29BFBA54002717F9 /* WeatherFetchManager.swift in Sources */,
				58ABCE9129BD212500AF0682 /* AppDelegate.swift in Sources */,
				5812A4F329BF5005002717F9 /* WeatherData.swift in Sources */,
				5812A4F529BF59FB002717F9 /* FinalWeatherManager.swift in Sources */,
				5812A4F729BF5AAE002717F9 /* InfoView.swift in Sources */,
				58ABCE9329BD212500AF0682 /* SceneDelegate.swift in Sources */,
			);
			runOnlyForDeploymentPostprocessing = 0;
		};
/* End PBXSourcesBuildPhase section */

/* Begin PBXVariantGroup section */
		58ABCE9629BD212500AF0682 /* Main.storyboard */ = {
			isa = PBXVariantGroup;
			children = (
				58ABCE9729BD212500AF0682 /* Base */,
			);
			name = Main.storyboard;
			sourceTree = "<group>";
		};
		58ABCE9B29BD212700AF0682 /* LaunchScreen.storyboard */ = {
			isa = PBXVariantGroup;
			children = (
				58ABCE9C29BD212700AF0682 /* Base */,
			);
			name = LaunchScreen.storyboard;
			sourceTree = "<group>";
		};
/* End PBXVariantGroup section */

/* Begin XCBuildConfiguration section */
		58ABCE9F29BD212700AF0682 /* Debug */ = {
			isa = XCBuildConfiguration;
			buildSettings = {
				ALWAYS_SEARCH_USER_PATHS = NO;
				CLANG_ANALYZER_NONNULL = YES;
				CLANG_ANALYZER_NUMBER_OBJECT_CONVERSION = YES_AGGRESSIVE;
				CLANG_CXX_LANGUAGE_STANDARD = "gnu++20";
				CLANG_ENABLE_MODULES = YES;
				CLANG_ENABLE_OBJC_ARC = YES;
				CLANG_ENABLE_OBJC_WEAK = YES;
				CLANG_WARN_BLOCK_CAPTURE_AUTORELEASING = YES;
				CLANG_WARN_BOOL_CONVERSION = YES;
				CLANG_WARN_COMMA = YES;
				CLANG_WARN_CONSTANT_CONVERSION = YES;
				CLANG_WARN_DEPRECATED_OBJC_IMPLEMENTATIONS = YES;
				CLANG_WARN_DIRECT_OBJC_ISA_USAGE = YES_ERROR;
				CLANG_WARN_DOCUMENTATION_COMMENTS = YES;
				CLANG_WARN_EMPTY_BODY = YES;
				CLANG_WARN_ENUM_CONVERSION = YES;
				CLANG_WARN_INFINITE_RECURSION = YES;
				CLANG_WARN_INT_CONVERSION = YES;
				CLANG_WARN_NON_LITERAL_NULL_CONVERSION = YES;
				CLANG_WARN_OBJC_IMPLICIT_RETAIN_SELF = YES;
				CLANG_WARN_OBJC_LITERAL_CONVERSION = YES;
				CLANG_WARN_OBJC_ROOT_CLASS = YES_ERROR;
				CLANG_WARN_QUOTED_INCLUDE_IN_FRAMEWORK_HEADER = YES;
				CLANG_WARN_RANGE_LOOP_ANALYSIS = YES;
				CLANG_WARN_STRICT_PROTOTYPES = YES;
				CLANG_WARN_SUSPICIOUS_MOVE = YES;
				CLANG_WARN_UNGUARDED_AVAILABILITY = YES_AGGRESSIVE;
				CLANG_WARN_UNREACHABLE_CODE = YES;
				CLANG_WARN__DUPLICATE_METHOD_MATCH = YES;
				COPY_PHASE_STRIP = NO;
				DEBUG_INFORMATION_FORMAT = dwarf;
				ENABLE_STRICT_OBJC_MSGSEND = YES;
				ENABLE_TESTABILITY = YES;
				GCC_C_LANGUAGE_STANDARD = gnu11;
				GCC_DYNAMIC_NO_PIC = NO;
				GCC_NO_COMMON_BLOCKS = YES;
				GCC_OPTIMIZATION_LEVEL = 0;
				GCC_PREPROCESSOR_DEFINITIONS = (
					"DEBUG=1",
					"$(inherited)",
				);
				GCC_WARN_64_TO_32_BIT_CONVERSION = YES;
				GCC_WARN_ABOUT_RETURN_TYPE = YES_ERROR;
				GCC_WARN_UNDECLARED_SELECTOR = YES;
				GCC_WARN_UNINITIALIZED_AUTOS = YES_AGGRESSIVE;
				GCC_WARN_UNUSED_FUNCTION = YES;
				GCC_WARN_UNUSED_VARIABLE = YES;
				IPHONEOS_DEPLOYMENT_TARGET = 16.2;
				MTL_ENABLE_DEBUG_INFO = INCLUDE_SOURCE;
				MTL_FAST_MATH = YES;
				ONLY_ACTIVE_ARCH = YES;
				SDKROOT = iphoneos;
				SWIFT_ACTIVE_COMPILATION_CONDITIONS = DEBUG;
				SWIFT_OPTIMIZATION_LEVEL = "-Onone";
			};
			name = Debug;
		};
		58ABCEA029BD212700AF0682 /* Release */ = {
			isa = XCBuildConfiguration;
			buildSettings = {
				ALWAYS_SEARCH_USER_PATHS = NO;
				CLANG_ANALYZER_NONNULL = YES;
				CLANG_ANALYZER_NUMBER_OBJECT_CONVERSION = YES_AGGRESSIVE;
				CLANG_CXX_LANGUAGE_STANDARD = "gnu++20";
				CLANG_ENABLE_MODULES = YES;
				CLANG_ENABLE_OBJC_ARC = YES;
				CLANG_ENABLE_OBJC_WEAK = YES;
				CLANG_WARN_BLOCK_CAPTURE_AUTORELEASING = YES;
				CLANG_WARN_BOOL_CONVERSION = YES;
				CLANG_WARN_COMMA = YES;
				CLANG_WARN_CONSTANT_CONVERSION = YES;
				CLANG_WARN_DEPRECATED_OBJC_IMPLEMENTATIONS = YES;
				CLANG_WARN_DIRECT_OBJC_ISA_USAGE = YES_ERROR;
				CLANG_WARN_DOCUMENTATION_COMMENTS = YES;
				CLANG_WARN_EMPTY_BODY = YES;
				CLANG_WARN_ENUM_CONVERSION = YES;
				CLANG_WARN_INFINITE_RECURSION = YES;
				CLANG_WARN_INT_CONVERSION = YES;
				CLANG_WARN_NON_LITERAL_NULL_CONVERSION = YES;
				CLANG_WARN_OBJC_IMPLICIT_RETAIN_SELF = YES;
				CLANG_WARN_OBJC_LITERAL_CONVERSION = YES;
				CLANG_WARN_OBJC_ROOT_CLASS = YES_ERROR;
				CLANG_WARN_QUOTED_INCLUDE_IN_FRAMEWORK_HEADER = YES;
				CLANG_WARN_RANGE_LOOP_ANALYSIS = YES;
				CLANG_WARN_STRICT_PROTOTYPES = YES;
				CLANG_WARN_SUSPICIOUS_MOVE = YES;
				CLANG_WARN_UNGUARDED_AVAILABILITY = YES_AGGRESSIVE;
				CLANG_WARN_UNREACHABLE_CODE = YES;
				CLANG_WARN__DUPLICATE_METHOD_MATCH = YES;
				COPY_PHASE_STRIP = NO;
				DEBUG_INFORMATION_FORMAT = "dwarf-with-dsym";
				ENABLE_NS_ASSERTIONS = NO;
				ENABLE_STRICT_OBJC_MSGSEND = YES;
				GCC_C_LANGUAGE_STANDARD = gnu11;
				GCC_NO_COMMON_BLOCKS = YES;
				GCC_WARN_64_TO_32_BIT_CONVERSION = YES;
				GCC_WARN_ABOUT_RETURN_TYPE = YES_ERROR;
				GCC_WARN_UNDECLARED_SELECTOR = YES;
				GCC_WARN_UNINITIALIZED_AUTOS = YES_AGGRESSIVE;
				GCC_WARN_UNUSED_FUNCTION = YES;
				GCC_WARN_UNUSED_VARIABLE = YES;
				IPHONEOS_DEPLOYMENT_TARGET = 16.2;
				MTL_ENABLE_DEBUG_INFO = NO;
				MTL_FAST_MATH = YES;
				SDKROOT = iphoneos;
				SWIFT_COMPILATION_MODE = wholemodule;
				SWIFT_OPTIMIZATION_LEVEL = "-O";
				VALIDATE_PRODUCT = YES;
			};
			name = Release;
		};
		58ABCEA229BD212700AF0682 /* Debug */ = {
			isa = XCBuildConfiguration;
			buildSettings = {
				ASSETCATALOG_COMPILER_APPICON_NAME = AppIcon;
				ASSETCATALOG_COMPILER_GLOBAL_ACCENT_COLOR_NAME = AccentColor;
				CODE_SIGN_STYLE = Automatic;
				CURRENT_PROJECT_VERSION = 1;
				GENERATE_INFOPLIST_FILE = YES;
				INFOPLIST_FILE = WeatherBrick/Info.plist;
				INFOPLIST_KEY_UIApplicationSupportsIndirectInputEvents = YES;
				INFOPLIST_KEY_UILaunchStoryboardName = LaunchScreen;
				INFOPLIST_KEY_UIMainStoryboardFile = Main;
				INFOPLIST_KEY_UISupportedInterfaceOrientations_iPad = "UIInterfaceOrientationPortrait UIInterfaceOrientationPortraitUpsideDown UIInterfaceOrientationLandscapeLeft UIInterfaceOrientationLandscapeRight";
				INFOPLIST_KEY_UISupportedInterfaceOrientations_iPhone = "UIInterfaceOrientationPortrait UIInterfaceOrientationLandscapeLeft UIInterfaceOrientationLandscapeRight";
				IPHONEOS_DEPLOYMENT_TARGET = 15.0;
				LD_RUNPATH_SEARCH_PATHS = (
					"$(inherited)",
					"@executable_path/Frameworks",
				);
				MARKETING_VERSION = 1.0;
				PRODUCT_BUNDLE_IDENTIFIER = sov.WeatherBrick;
				PRODUCT_NAME = "$(TARGET_NAME)";
				SUPPORTED_PLATFORMS = "iphoneos iphonesimulator";
				SUPPORTS_MACCATALYST = NO;
				SUPPORTS_MAC_DESIGNED_FOR_IPHONE_IPAD = NO;
				SWIFT_EMIT_LOC_STRINGS = YES;
				SWIFT_VERSION = 5.0;
				TARGETED_DEVICE_FAMILY = 1;
			};
			name = Debug;
		};
		58ABCEA329BD212700AF0682 /* Release */ = {
			isa = XCBuildConfiguration;
			buildSettings = {
				ASSETCATALOG_COMPILER_APPICON_NAME = AppIcon;
				ASSETCATALOG_COMPILER_GLOBAL_ACCENT_COLOR_NAME = AccentColor;
				CODE_SIGN_STYLE = Automatic;
				CURRENT_PROJECT_VERSION = 1;
				GENERATE_INFOPLIST_FILE = YES;
				INFOPLIST_FILE = WeatherBrick/Info.plist;
				INFOPLIST_KEY_UIApplicationSupportsIndirectInputEvents = YES;
				INFOPLIST_KEY_UILaunchStoryboardName = LaunchScreen;
				INFOPLIST_KEY_UIMainStoryboardFile = Main;
				INFOPLIST_KEY_UISupportedInterfaceOrientations_iPad = "UIInterfaceOrientationPortrait UIInterfaceOrientationPortraitUpsideDown UIInterfaceOrientationLandscapeLeft UIInterfaceOrientationLandscapeRight";
				INFOPLIST_KEY_UISupportedInterfaceOrientations_iPhone = "UIInterfaceOrientationPortrait UIInterfaceOrientationLandscapeLeft UIInterfaceOrientationLandscapeRight";
				IPHONEOS_DEPLOYMENT_TARGET = 15.0;
				LD_RUNPATH_SEARCH_PATHS = (
					"$(inherited)",
					"@executable_path/Frameworks",
				);
				MARKETING_VERSION = 1.0;
				PRODUCT_BUNDLE_IDENTIFIER = sov.WeatherBrick;
				PRODUCT_NAME = "$(TARGET_NAME)";
				SUPPORTED_PLATFORMS = "iphoneos iphonesimulator";
				SUPPORTS_MACCATALYST = NO;
				SUPPORTS_MAC_DESIGNED_FOR_IPHONE_IPAD = NO;
				SWIFT_EMIT_LOC_STRINGS = YES;
				SWIFT_VERSION = 5.0;
				TARGETED_DEVICE_FAMILY = 1;
			};
			name = Release;
		};
/* End XCBuildConfiguration section */

/* Begin XCConfigurationList section */
		58ABCE8829BD212500AF0682 /* Build configuration list for PBXProject "WeatherBrick" */ = {
			isa = XCConfigurationList;
			buildConfigurations = (
				58ABCE9F29BD212700AF0682 /* Debug */,
				58ABCEA029BD212700AF0682 /* Release */,
			);
			defaultConfigurationIsVisible = 0;
			defaultConfigurationName = Release;
		};
		58ABCEA129BD212700AF0682 /* Build configuration list for PBXNativeTarget "WeatherBrick" */ = {
			isa = XCConfigurationList;
			buildConfigurations = (
				58ABCEA229BD212700AF0682 /* Debug */,
				58ABCEA329BD212700AF0682 /* Release */,
			);
			defaultConfigurationIsVisible = 0;
			defaultConfigurationName = Release;
		};
/* End XCConfigurationList section */
	};
	rootObject = 58ABCE8529BD212500AF0682 /* Project object */;
}
