// !$*UTF8*$!
{
	archiveVersion = 1;
	classes = {
	};
	objectVersion = 56;
	objects = {

/* Begin PBXBuildFile section */
		5812A4F329BF5005002717F9 /* WeatherData.swift in Sources */ = {isa = PBXBuildFile; fileRef = 5812A4F229BF5005002717F9 /* WeatherData.swift */; };
		5812A4F529BF59FB002717F9 /* WeatherModel.swift in Sources */ = {isa = PBXBuildFile; fileRef = 5812A4F429BF59FB002717F9 /* WeatherModel.swift */; };
		5812A4F729BF5AAE002717F9 /* InfoView.swift in Sources */ = {isa = PBXBuildFile; fileRef = 5812A4F629BF5AAE002717F9 /* InfoView.swift */; };
		5812A4FB29BFBA54002717F9 /* WeatherFetchManager.swift in Sources */ = {isa = PBXBuildFile; fileRef = 5812A4FA29BFBA54002717F9 /* WeatherFetchManager.swift */; };
		5886120629E4B74800B0C35B /* MockWeatherFetch.swift in Sources */ = {isa = PBXBuildFile; fileRef = 58ADA3B529E3EBFA00121EC9 /* MockWeatherFetch.swift */; };
		5886120A29E57D5600B0C35B /* MockLondon.json in Resources */ = {isa = PBXBuildFile; fileRef = 5886120929E57D5600B0C35B /* MockLondon.json */; };
		5886120C29E57DD200B0C35B /* MockKyiv.json in Resources */ = {isa = PBXBuildFile; fileRef = 5886120B29E57DD200B0C35B /* MockKyiv.json */; };
		5886121429E58AC500B0C35B /* WeatherBrickUITests.swift in Sources */ = {isa = PBXBuildFile; fileRef = 5886121329E58AC500B0C35B /* WeatherBrickUITests.swift */; };
		5886121629E58AC500B0C35B /* WeatherBrickUITestsLaunchTests.swift in Sources */ = {isa = PBXBuildFile; fileRef = 5886121529E58AC500B0C35B /* WeatherBrickUITestsLaunchTests.swift */; };
		58ABCE9129BD212500AF0682 /* AppDelegate.swift in Sources */ = {isa = PBXBuildFile; fileRef = 58ABCE9029BD212500AF0682 /* AppDelegate.swift */; };
		58ABCE9329BD212500AF0682 /* SceneDelegate.swift in Sources */ = {isa = PBXBuildFile; fileRef = 58ABCE9229BD212500AF0682 /* SceneDelegate.swift */; };
		58ABCE9529BD212500AF0682 /* WeatherViewController.swift in Sources */ = {isa = PBXBuildFile; fileRef = 58ABCE9429BD212500AF0682 /* WeatherViewController.swift */; };
		58ABCE9829BD212500AF0682 /* Main.storyboard in Resources */ = {isa = PBXBuildFile; fileRef = 58ABCE9629BD212500AF0682 /* Main.storyboard */; };
		58ABCE9A29BD212700AF0682 /* Assets.xcassets in Resources */ = {isa = PBXBuildFile; fileRef = 58ABCE9929BD212700AF0682 /* Assets.xcassets */; };
		58ABCE9D29BD212700AF0682 /* LaunchScreen.storyboard in Resources */ = {isa = PBXBuildFile; fileRef = 58ABCE9B29BD212700AF0682 /* LaunchScreen.storyboard */; };
		58ADA3A829E2B38000121EC9 /* WeatherBrickTests.swift in Sources */ = {isa = PBXBuildFile; fileRef = 58ADA3A729E2B38000121EC9 /* WeatherBrickTests.swift */; };
/* End PBXBuildFile section */

/* Begin PBXContainerItemProxy section */
		5886121729E58AC500B0C35B /* PBXContainerItemProxy */ = {
			isa = PBXContainerItemProxy;
			containerPortal = 58ABCE8529BD212500AF0682 /* Project object */;
			proxyType = 1;
			remoteGlobalIDString = 58ABCE8C29BD212500AF0682;
			remoteInfo = WeatherBrick;
		};
		58ADA3A929E2B38000121EC9 /* PBXContainerItemProxy */ = {
			isa = PBXContainerItemProxy;
			containerPortal = 58ABCE8529BD212500AF0682 /* Project object */;
			proxyType = 1;
			remoteGlobalIDString = 58ABCE8C29BD212500AF0682;
			remoteInfo = WeatherBrick;
		};
/* End PBXContainerItemProxy section */

/* Begin PBXFileReference section */
		5812A4F229BF5005002717F9 /* WeatherData.swift */ = {isa = PBXFileReference; lastKnownFileType = sourcecode.swift; path = WeatherData.swift; sourceTree = "<group>"; };
		5812A4F429BF59FB002717F9 /* WeatherModel.swift */ = {isa = PBXFileReference; lastKnownFileType = sourcecode.swift; path = WeatherModel.swift; sourceTree = "<group>"; };
		5812A4F629BF5AAE002717F9 /* InfoView.swift */ = {isa = PBXFileReference; lastKnownFileType = sourcecode.swift; path = InfoView.swift; sourceTree = "<group>"; };
		5812A4FA29BFBA54002717F9 /* WeatherFetchManager.swift */ = {isa = PBXFileReference; lastKnownFileType = sourcecode.swift; path = WeatherFetchManager.swift; sourceTree = "<group>"; };
		5886120929E57D5600B0C35B /* MockLondon.json */ = {isa = PBXFileReference; lastKnownFileType = text.json; path = MockLondon.json; sourceTree = "<group>"; };
		5886120B29E57DD200B0C35B /* MockKyiv.json */ = {isa = PBXFileReference; lastKnownFileType = text.json; path = MockKyiv.json; sourceTree = "<group>"; };
		5886121129E58AC500B0C35B /* WeatherBrickUITests.xctest */ = {isa = PBXFileReference; explicitFileType = wrapper.cfbundle; includeInIndex = 0; path = WeatherBrickUITests.xctest; sourceTree = BUILT_PRODUCTS_DIR; };
		5886121329E58AC500B0C35B /* WeatherBrickUITests.swift */ = {isa = PBXFileReference; lastKnownFileType = sourcecode.swift; path = WeatherBrickUITests.swift; sourceTree = "<group>"; };
		5886121529E58AC500B0C35B /* WeatherBrickUITestsLaunchTests.swift */ = {isa = PBXFileReference; lastKnownFileType = sourcecode.swift; path = WeatherBrickUITestsLaunchTests.swift; sourceTree = "<group>"; };
		58ABCE8D29BD212500AF0682 /* WeatherBrick.app */ = {isa = PBXFileReference; explicitFileType = wrapper.application; includeInIndex = 0; path = WeatherBrick.app; sourceTree = BUILT_PRODUCTS_DIR; };
		58ABCE9029BD212500AF0682 /* AppDelegate.swift */ = {isa = PBXFileReference; lastKnownFileType = sourcecode.swift; path = AppDelegate.swift; sourceTree = "<group>"; };
		58ABCE9229BD212500AF0682 /* SceneDelegate.swift */ = {isa = PBXFileReference; lastKnownFileType = sourcecode.swift; path = SceneDelegate.swift; sourceTree = "<group>"; };
		58ABCE9429BD212500AF0682 /* WeatherViewController.swift */ = {isa = PBXFileReference; lastKnownFileType = sourcecode.swift; path = WeatherViewController.swift; sourceTree = "<group>"; };
		58ABCE9729BD212500AF0682 /* Base */ = {isa = PBXFileReference; lastKnownFileType = file.storyboard; name = Base; path = Base.lproj/Main.storyboard; sourceTree = "<group>"; };
		58ABCE9929BD212700AF0682 /* Assets.xcassets */ = {isa = PBXFileReference; lastKnownFileType = folder.assetcatalog; path = Assets.xcassets; sourceTree = "<group>"; };
		58ABCE9C29BD212700AF0682 /* Base */ = {isa = PBXFileReference; lastKnownFileType = file.storyboard; name = Base; path = Base.lproj/LaunchScreen.storyboard; sourceTree = "<group>"; };
		58ABCE9E29BD212700AF0682 /* Info.plist */ = {isa = PBXFileReference; lastKnownFileType = text.plist.xml; path = Info.plist; sourceTree = "<group>"; };
		58ADA3A529E2B38000121EC9 /* WeatherBrickTests.xctest */ = {isa = PBXFileReference; explicitFileType = wrapper.cfbundle; includeInIndex = 0; path = WeatherBrickTests.xctest; sourceTree = BUILT_PRODUCTS_DIR; };
		58ADA3A729E2B38000121EC9 /* WeatherBrickTests.swift */ = {isa = PBXFileReference; lastKnownFileType = sourcecode.swift; path = WeatherBrickTests.swift; sourceTree = "<group>"; };
		58ADA3B529E3EBFA00121EC9 /* MockWeatherFetch.swift */ = {isa = PBXFileReference; lastKnownFileType = sourcecode.swift; path = MockWeatherFetch.swift; sourceTree = "<group>"; };
/* End PBXFileReference section */

/* Begin PBXFrameworksBuildPhase section */
		5886120E29E58AC500B0C35B /* Frameworks */ = {
			isa = PBXFrameworksBuildPhase;
			buildActionMask = 2147483647;
			files = (
			);
			runOnlyForDeploymentPostprocessing = 0;
		};
		58ABCE8A29BD212500AF0682 /* Frameworks */ = {
			isa = PBXFrameworksBuildPhase;
			buildActionMask = 2147483647;
			files = (
			);
			runOnlyForDeploymentPostprocessing = 0;
		};
		58ADA3A229E2B38000121EC9 /* Frameworks */ = {
			isa = PBXFrameworksBuildPhase;
			buildActionMask = 2147483647;
			files = (
			);
			runOnlyForDeploymentPostprocessing = 0;
		};
/* End PBXFrameworksBuildPhase section */

/* Begin PBXGroup section */
		5812A4F829BF5C87002717F9 /* View */ = {
			isa = PBXGroup;
			children = (
				58ABCE9429BD212500AF0682 /* WeatherViewController.swift */,
				5812A4F629BF5AAE002717F9 /* InfoView.swift */,
			);
			path = View;
			sourceTree = "<group>";
		};
		5812A4F929BF5D0C002717F9 /* Managers */ = {
			isa = PBXGroup;
			children = (
				5812A4F229BF5005002717F9 /* WeatherData.swift */,
				5812A4F429BF59FB002717F9 /* WeatherModel.swift */,
				5812A4FA29BFBA54002717F9 /* WeatherFetchManager.swift */,
			);
			path = Managers;
			sourceTree = "<group>";
		};
		5886121229E58AC500B0C35B /* WeatherBrickUITests */ = {
			isa = PBXGroup;
			children = (
				5886121329E58AC500B0C35B /* WeatherBrickUITests.swift */,
				5886121529E58AC500B0C35B /* WeatherBrickUITestsLaunchTests.swift */,
			);
			path = WeatherBrickUITests;
			sourceTree = "<group>";
		};
		58ABCE8429BD212500AF0682 = {
			isa = PBXGroup;
			children = (
				58ABCE8F29BD212500AF0682 /* WeatherBrick */,
				58ADA3A629E2B38000121EC9 /* WeatherBrickTests */,
				5886121229E58AC500B0C35B /* WeatherBrickUITests */,
				58ABCE8E29BD212500AF0682 /* Products */,
			);
			sourceTree = "<group>";
		};
		58ABCE8E29BD212500AF0682 /* Products */ = {
			isa = PBXGroup;
			children = (
				58ABCE8D29BD212500AF0682 /* WeatherBrick.app */,
				58ADA3A529E2B38000121EC9 /* WeatherBrickTests.xctest */,
				5886121129E58AC500B0C35B /* WeatherBrickUITests.xctest */,
			);
			name = Products;
			sourceTree = "<group>";
		};
		58ABCE8F29BD212500AF0682 /* WeatherBrick */ = {
			isa = PBXGroup;
			children = (
				58ABCE9029BD212500AF0682 /* AppDelegate.swift */,
				58ABCE9229BD212500AF0682 /* SceneDelegate.swift */,
				5812A4F829BF5C87002717F9 /* View */,
				58ADA3AE29E31FA000121EC9 /* Mock */,
				58ADA3B529E3EBFA00121EC9 /* MockWeatherFetch.swift */,
				5812A4F929BF5D0C002717F9 /* Managers */,
				58ABCE9629BD212500AF0682 /* Main.storyboard */,
				58ABCE9929BD212700AF0682 /* Assets.xcassets */,
				58ABCE9B29BD212700AF0682 /* LaunchScreen.storyboard */,
				58ABCE9E29BD212700AF0682 /* Info.plist */,
			);
			path = WeatherBrick;
			sourceTree = "<group>";
		};
		58ADA3A629E2B38000121EC9 /* WeatherBrickTests */ = {
			isa = PBXGroup;
			children = (
				58ADA3A729E2B38000121EC9 /* WeatherBrickTests.swift */,
			);
			path = WeatherBrickTests;
			sourceTree = "<group>";
		};
		58ADA3AE29E31FA000121EC9 /* Mock */ = {
			isa = PBXGroup;
			children = (
				5886120929E57D5600B0C35B /* MockLondon.json */,
				5886120B29E57DD200B0C35B /* MockKyiv.json */,
			);
			path = Mock;
			sourceTree = "<group>";
		};
/* End PBXGroup section */

/* Begin PBXNativeTarget section */
		5886121029E58AC500B0C35B /* WeatherBrickUITests */ = {
			isa = PBXNativeTarget;
			buildConfigurationList = 5886121929E58AC500B0C35B /* Build configuration list for PBXNativeTarget "WeatherBrickUITests" */;
			buildPhases = (
				5886120D29E58AC500B0C35B /* Sources */,
				5886120E29E58AC500B0C35B /* Frameworks */,
				5886120F29E58AC500B0C35B /* Resources */,
			);
			buildRules = (
			);
			dependencies = (
				5886121829E58AC500B0C35B /* PBXTargetDependency */,
			);
			name = WeatherBrickUITests;
			productName = WeatherBrickUITests;
			productReference = 5886121129E58AC500B0C35B /* WeatherBrickUITests.xctest */;
			productType = "com.apple.product-type.bundle.ui-testing";
		};
		58ABCE8C29BD212500AF0682 /* WeatherBrick */ = {
			isa = PBXNativeTarget;
			buildConfigurationList = 58ABCEA129BD212700AF0682 /* Build configuration list for PBXNativeTarget "WeatherBrick" */;
			buildPhases = (
				58ABCE8929BD212500AF0682 /* Sources */,
				58ABCE8A29BD212500AF0682 /* Frameworks */,
				58ABCE8B29BD212500AF0682 /* Resources */,
			);
			buildRules = (
			);
			dependencies = (
			);
			name = WeatherBrick;
			productName = WeatherBrick;
			productReference = 58ABCE8D29BD212500AF0682 /* WeatherBrick.app */;
			productType = "com.apple.product-type.application";
		};
		58ADA3A429E2B38000121EC9 /* WeatherBrickTests */ = {
			isa = PBXNativeTarget;
			buildConfigurationList = 58ADA3AD29E2B38000121EC9 /* Build configuration list for PBXNativeTarget "WeatherBrickTests" */;
			buildPhases = (
				58ADA3A129E2B38000121EC9 /* Sources */,
				58ADA3A229E2B38000121EC9 /* Frameworks */,
				58ADA3A329E2B38000121EC9 /* Resources */,
			);
			buildRules = (
			);
			dependencies = (
				58ADA3AA29E2B38000121EC9 /* PBXTargetDependency */,
			);
			name = WeatherBrickTests;
			productName = WeatherBrickTests;
			productReference = 58ADA3A529E2B38000121EC9 /* WeatherBrickTests.xctest */;
			productType = "com.apple.product-type.bundle.unit-test";
		};
/* End PBXNativeTarget section */

/* Begin PBXProject section */
		58ABCE8529BD212500AF0682 /* Project object */ = {
			isa = PBXProject;
			attributes = {
				BuildIndependentTargetsInParallel = 1;
				LastSwiftUpdateCheck = 1420;
				LastUpgradeCheck = 1420;
				TargetAttributes = {
					5886121029E58AC500B0C35B = {
						CreatedOnToolsVersion = 14.2;
						TestTargetID = 58ABCE8C29BD212500AF0682;
					};
					58ABCE8C29BD212500AF0682 = {
						CreatedOnToolsVersion = 14.2;
					};
					58ADA3A429E2B38000121EC9 = {
						CreatedOnToolsVersion = 14.2;
						TestTargetID = 58ABCE8C29BD212500AF0682;
					};
				};
			};
			buildConfigurationList = 58ABCE8829BD212500AF0682 /* Build configuration list for PBXProject "WeatherBrick" */;
			compatibilityVersion = "Xcode 14.0";
			developmentRegion = en;
			hasScannedForEncodings = 0;
			knownRegions = (
				en,
				Base,
			);
			mainGroup = 58ABCE8429BD212500AF0682;
			productRefGroup = 58ABCE8E29BD212500AF0682 /* Products */;
			projectDirPath = "";
			projectRoot = "";
			targets = (
				58ABCE8C29BD212500AF0682 /* WeatherBrick */,
				58ADA3A429E2B38000121EC9 /* WeatherBrickTests */,
				5886121029E58AC500B0C35B /* WeatherBrickUITests */,
			);
		};
/* End PBXProject section */

/* Begin PBXResourcesBuildPhase section */
		5886120F29E58AC500B0C35B /* Resources */ = {
			isa = PBXResourcesBuildPhase;
			buildActionMask = 2147483647;
			files = (
			);
			runOnlyForDeploymentPostprocessing = 0;
		};
		58ABCE8B29BD212500AF0682 /* Resources */ = {
			isa = PBXResourcesBuildPhase;
			buildActionMask = 2147483647;
			files = (
				58ABCE9D29BD212700AF0682 /* LaunchScreen.storyboard in Resources */,
				5886120C29E57DD200B0C35B /* MockKyiv.json in Resources */,
				58ABCE9A29BD212700AF0682 /* Assets.xcassets in Resources */,
				58ABCE9829BD212500AF0682 /* Main.storyboard in Resources */,
				5886120A29E57D5600B0C35B /* MockLondon.json in Resources */,
			);
			runOnlyForDeploymentPostprocessing = 0;
		};
		58ADA3A329E2B38000121EC9 /* Resources */ = {
			isa = PBXResourcesBuildPhase;
			buildActionMask = 2147483647;
			files = (
			);
			runOnlyForDeploymentPostprocessing = 0;
		};
/* End PBXResourcesBuildPhase section */

/* Begin PBXSourcesBuildPhase section */
		5886120D29E58AC500B0C35B /* Sources */ = {
			isa = PBXSourcesBuildPhase;
			buildActionMask = 2147483647;
			files = (
				5886121429E58AC500B0C35B /* WeatherBrickUITests.swift in Sources */,
				5886121629E58AC500B0C35B /* WeatherBrickUITestsLaunchTests.swift in Sources */,
			);
			runOnlyForDeploymentPostprocessing = 0;
		};
		58ABCE8929BD212500AF0682 /* Sources */ = {
			isa = PBXSourcesBuildPhase;
			buildActionMask = 2147483647;
			files = (
				58ABCE9529BD212500AF0682 /* WeatherViewController.swift in Sources */,
				5812A4FB29BFBA54002717F9 /* WeatherFetchManager.swift in Sources */,
				58ABCE9129BD212500AF0682 /* AppDelegate.swift in Sources */,
				5812A4F329BF5005002717F9 /* WeatherData.swift in Sources */,
				5812A4F529BF59FB002717F9 /* WeatherModel.swift in Sources */,
				5886120629E4B74800B0C35B /* MockWeatherFetch.swift in Sources */,
				5812A4F729BF5AAE002717F9 /* InfoView.swift in Sources */,
				58ABCE9329BD212500AF0682 /* SceneDelegate.swift in Sources */,
			);
			runOnlyForDeploymentPostprocessing = 0;
		};
		58ADA3A129E2B38000121EC9 /* Sources */ = {
			isa = PBXSourcesBuildPhase;
			buildActionMask = 2147483647;
			files = (
				58ADA3A829E2B38000121EC9 /* WeatherBrickTests.swift in Sources */,
			);
			runOnlyForDeploymentPostprocessing = 0;
		};
/* End PBXSourcesBuildPhase section */

/* Begin PBXTargetDependency section */
		5886121829E58AC500B0C35B /* PBXTargetDependency */ = {
			isa = PBXTargetDependency;
			target = 58ABCE8C29BD212500AF0682 /* WeatherBrick */;
			targetProxy = 5886121729E58AC500B0C35B /* PBXContainerItemProxy */;
		};
		58ADA3AA29E2B38000121EC9 /* PBXTargetDependency */ = {
			isa = PBXTargetDependency;
			target = 58ABCE8C29BD212500AF0682 /* WeatherBrick */;
			targetProxy = 58ADA3A929E2B38000121EC9 /* PBXContainerItemProxy */;
		};
/* End PBXTargetDependency section */

/* Begin PBXVariantGroup section */
		58ABCE9629BD212500AF0682 /* Main.storyboard */ = {
			isa = PBXVariantGroup;
			children = (
				58ABCE9729BD212500AF0682 /* Base */,
			);
			name = Main.storyboard;
			sourceTree = "<group>";
		};
		58ABCE9B29BD212700AF0682 /* LaunchScreen.storyboard */ = {
			isa = PBXVariantGroup;
			children = (
				58ABCE9C29BD212700AF0682 /* Base */,
			);
			name = LaunchScreen.storyboard;
			sourceTree = "<group>";
		};
/* End PBXVariantGroup section */

/* Begin XCBuildConfiguration section */
		5886121A29E58AC500B0C35B /* Debug */ = {
			isa = XCBuildConfiguration;
			buildSettings = {
				CODE_SIGN_STYLE = Automatic;
				CURRENT_PROJECT_VERSION = 1;
				GENERATE_INFOPLIST_FILE = YES;
				MARKETING_VERSION = 1.0;
				PRODUCT_BUNDLE_IDENTIFIER = sov.WeatherBrickUITests;
				PRODUCT_NAME = "$(TARGET_NAME)";
				SWIFT_EMIT_LOC_STRINGS = NO;
				SWIFT_VERSION = 5.0;
				TARGETED_DEVICE_FAMILY = "1,2";
				TEST_TARGET_NAME = WeatherBrick;
			};
			name = Debug;
		};
		5886121B29E58AC500B0C35B /* Release */ = {
			isa = XCBuildConfiguration;
			buildSettings = {
				CODE_SIGN_STYLE = Automatic;
				CURRENT_PROJECT_VERSION = 1;
				GENERATE_INFOPLIST_FILE = YES;
				MARKETING_VERSION = 1.0;
				PRODUCT_BUNDLE_IDENTIFIER = sov.WeatherBrickUITests;
				PRODUCT_NAME = "$(TARGET_NAME)";
				SWIFT_EMIT_LOC_STRINGS = NO;
				SWIFT_VERSION = 5.0;
				TARGETED_DEVICE_FAMILY = "1,2";
				TEST_TARGET_NAME = WeatherBrick;
			};
			name = Release;
		};
		58ABCE9F29BD212700AF0682 /* Debug */ = {
			isa = XCBuildConfiguration;
			buildSettings = {
				ALWAYS_SEARCH_USER_PATHS = NO;
				CLANG_ANALYZER_NONNULL = YES;
				CLANG_ANALYZER_NUMBER_OBJECT_CONVERSION = YES_AGGRESSIVE;
				CLANG_CXX_LANGUAGE_STANDARD = "gnu++20";
				CLANG_ENABLE_MODULES = YES;
				CLANG_ENABLE_OBJC_ARC = YES;
				CLANG_ENABLE_OBJC_WEAK = YES;
				CLANG_WARN_BLOCK_CAPTURE_AUTORELEASING = YES;
				CLANG_WARN_BOOL_CONVERSION = YES;
				CLANG_WARN_COMMA = YES;
				CLANG_WARN_CONSTANT_CONVERSION = YES;
				CLANG_WARN_DEPRECATED_OBJC_IMPLEMENTATIONS = YES;
				CLANG_WARN_DIRECT_OBJC_ISA_USAGE = YES_ERROR;
				CLANG_WARN_DOCUMENTATION_COMMENTS = YES;
				CLANG_WARN_EMPTY_BODY = YES;
				CLANG_WARN_ENUM_CONVERSION = YES;
				CLANG_WARN_INFINITE_RECURSION = YES;
				CLANG_WARN_INT_CONVERSION = YES;
				CLANG_WARN_NON_LITERAL_NULL_CONVERSION = YES;
				CLANG_WARN_OBJC_IMPLICIT_RETAIN_SELF = YES;
				CLANG_WARN_OBJC_LITERAL_CONVERSION = YES;
				CLANG_WARN_OBJC_ROOT_CLASS = YES_ERROR;
				CLANG_WARN_QUOTED_INCLUDE_IN_FRAMEWORK_HEADER = YES;
				CLANG_WARN_RANGE_LOOP_ANALYSIS = YES;
				CLANG_WARN_STRICT_PROTOTYPES = YES;
				CLANG_WARN_SUSPICIOUS_MOVE = YES;
				CLANG_WARN_UNGUARDED_AVAILABILITY = YES_AGGRESSIVE;
				CLANG_WARN_UNREACHABLE_CODE = YES;
				CLANG_WARN__DUPLICATE_METHOD_MATCH = YES;
				COPY_PHASE_STRIP = NO;
				DEBUG_INFORMATION_FORMAT = dwarf;
				ENABLE_STRICT_OBJC_MSGSEND = YES;
				ENABLE_TESTABILITY = YES;
				GCC_C_LANGUAGE_STANDARD = gnu11;
				GCC_DYNAMIC_NO_PIC = NO;
				GCC_NO_COMMON_BLOCKS = YES;
				GCC_OPTIMIZATION_LEVEL = 0;
				GCC_PREPROCESSOR_DEFINITIONS = (
					"DEBUG=1",
					"$(inherited)",
				);
				GCC_WARN_64_TO_32_BIT_CONVERSION = YES;
				GCC_WARN_ABOUT_RETURN_TYPE = YES_ERROR;
				GCC_WARN_UNDECLARED_SELECTOR = YES;
				GCC_WARN_UNINITIALIZED_AUTOS = YES_AGGRESSIVE;
				GCC_WARN_UNUSED_FUNCTION = YES;
				GCC_WARN_UNUSED_VARIABLE = YES;
				IPHONEOS_DEPLOYMENT_TARGET = 16.2;
				MTL_ENABLE_DEBUG_INFO = INCLUDE_SOURCE;
				MTL_FAST_MATH = YES;
				ONLY_ACTIVE_ARCH = YES;
				SDKROOT = iphoneos;
				SWIFT_ACTIVE_COMPILATION_CONDITIONS = DEBUG;
				SWIFT_OPTIMIZATION_LEVEL = "-Onone";
			};
			name = Debug;
		};
		58ABCEA029BD212700AF0682 /* Release */ = {
			isa = XCBuildConfiguration;
			buildSettings = {
				ALWAYS_SEARCH_USER_PATHS = NO;
				CLANG_ANALYZER_NONNULL = YES;
				CLANG_ANALYZER_NUMBER_OBJECT_CONVERSION = YES_AGGRESSIVE;
				CLANG_CXX_LANGUAGE_STANDARD = "gnu++20";
				CLANG_ENABLE_MODULES = YES;
				CLANG_ENABLE_OBJC_ARC = YES;
				CLANG_ENABLE_OBJC_WEAK = YES;
				CLANG_WARN_BLOCK_CAPTURE_AUTORELEASING = YES;
				CLANG_WARN_BOOL_CONVERSION = YES;
				CLANG_WARN_COMMA = YES;
				CLANG_WARN_CONSTANT_CONVERSION = YES;
				CLANG_WARN_DEPRECATED_OBJC_IMPLEMENTATIONS = YES;
				CLANG_WARN_DIRECT_OBJC_ISA_USAGE = YES_ERROR;
				CLANG_WARN_DOCUMENTATION_COMMENTS = YES;
				CLANG_WARN_EMPTY_BODY = YES;
				CLANG_WARN_ENUM_CONVERSION = YES;
				CLANG_WARN_INFINITE_RECURSION = YES;
				CLANG_WARN_INT_CONVERSION = YES;
				CLANG_WARN_NON_LITERAL_NULL_CONVERSION = YES;
				CLANG_WARN_OBJC_IMPLICIT_RETAIN_SELF = YES;
				CLANG_WARN_OBJC_LITERAL_CONVERSION = YES;
				CLANG_WARN_OBJC_ROOT_CLASS = YES_ERROR;
				CLANG_WARN_QUOTED_INCLUDE_IN_FRAMEWORK_HEADER = YES;
				CLANG_WARN_RANGE_LOOP_ANALYSIS = YES;
				CLANG_WARN_STRICT_PROTOTYPES = YES;
				CLANG_WARN_SUSPICIOUS_MOVE = YES;
				CLANG_WARN_UNGUARDED_AVAILABILITY = YES_AGGRESSIVE;
				CLANG_WARN_UNREACHABLE_CODE = YES;
				CLANG_WARN__DUPLICATE_METHOD_MATCH = YES;
				COPY_PHASE_STRIP = NO;
				DEBUG_INFORMATION_FORMAT = "dwarf-with-dsym";
				ENABLE_NS_ASSERTIONS = NO;
				ENABLE_STRICT_OBJC_MSGSEND = YES;
				GCC_C_LANGUAGE_STANDARD = gnu11;
				GCC_NO_COMMON_BLOCKS = YES;
				GCC_WARN_64_TO_32_BIT_CONVERSION = YES;
				GCC_WARN_ABOUT_RETURN_TYPE = YES_ERROR;
				GCC_WARN_UNDECLARED_SELECTOR = YES;
				GCC_WARN_UNINITIALIZED_AUTOS = YES_AGGRESSIVE;
				GCC_WARN_UNUSED_FUNCTION = YES;
				GCC_WARN_UNUSED_VARIABLE = YES;
				IPHONEOS_DEPLOYMENT_TARGET = 16.2;
				MTL_ENABLE_DEBUG_INFO = NO;
				MTL_FAST_MATH = YES;
				SDKROOT = iphoneos;
				SWIFT_COMPILATION_MODE = wholemodule;
				SWIFT_OPTIMIZATION_LEVEL = "-O";
				VALIDATE_PRODUCT = YES;
			};
			name = Release;
		};
		58ABCEA229BD212700AF0682 /* Debug */ = {
			isa = XCBuildConfiguration;
			buildSettings = {
				ASSETCATALOG_COMPILER_APPICON_NAME = AppIcon;
				ASSETCATALOG_COMPILER_GLOBAL_ACCENT_COLOR_NAME = AccentColor;
				CODE_SIGN_STYLE = Automatic;
				CURRENT_PROJECT_VERSION = 1;
				GENERATE_INFOPLIST_FILE = YES;
				INFOPLIST_FILE = WeatherBrick/Info.plist;
				INFOPLIST_KEY_NSLocationAlwaysUsageDescription = "We need your location to check weather";
				INFOPLIST_KEY_NSLocationWhenInUseUsageDescription = "We need your location to check weather";
				INFOPLIST_KEY_UIApplicationSupportsIndirectInputEvents = YES;
				INFOPLIST_KEY_UILaunchStoryboardName = LaunchScreen;
				INFOPLIST_KEY_UIMainStoryboardFile = Main;
				INFOPLIST_KEY_UISupportedInterfaceOrientations = UIInterfaceOrientationPortrait;
				INFOPLIST_KEY_UISupportedInterfaceOrientations_iPad = "UIInterfaceOrientationLandscapeLeft UIInterfaceOrientationLandscapeRight UIInterfaceOrientationPortrait UIInterfaceOrientationPortraitUpsideDown";
				IPHONEOS_DEPLOYMENT_TARGET = 15.0;
				LD_RUNPATH_SEARCH_PATHS = (
					"$(inherited)",
					"@executable_path/Frameworks",
				);
				MARKETING_VERSION = 1.0;
				PRODUCT_BUNDLE_IDENTIFIER = sov.WeatherBrick;
				PRODUCT_NAME = "$(TARGET_NAME)";
				SUPPORTED_PLATFORMS = "iphoneos iphonesimulator";
				SUPPORTS_MACCATALYST = NO;
				SUPPORTS_MAC_DESIGNED_FOR_IPHONE_IPAD = NO;
				SWIFT_EMIT_LOC_STRINGS = YES;
				SWIFT_VERSION = 5.0;
				TARGETED_DEVICE_FAMILY = 1;
			};
			name = Debug;
		};
		58ABCEA329BD212700AF0682 /* Release */ = {
			isa = XCBuildConfiguration;
			buildSettings = {
				ASSETCATALOG_COMPILER_APPICON_NAME = AppIcon;
				ASSETCATALOG_COMPILER_GLOBAL_ACCENT_COLOR_NAME = AccentColor;
				CODE_SIGN_STYLE = Automatic;
				CURRENT_PROJECT_VERSION = 1;
				GENERATE_INFOPLIST_FILE = YES;
				INFOPLIST_FILE = WeatherBrick/Info.plist;
				INFOPLIST_KEY_NSLocationAlwaysUsageDescription = "We need your location to check weather";
				INFOPLIST_KEY_NSLocationWhenInUseUsageDescription = "We need your location to check weather";
				INFOPLIST_KEY_UIApplicationSupportsIndirectInputEvents = YES;
				INFOPLIST_KEY_UILaunchStoryboardName = LaunchScreen;
				INFOPLIST_KEY_UIMainStoryboardFile = Main;
				INFOPLIST_KEY_UISupportedInterfaceOrientations = UIInterfaceOrientationPortrait;
				INFOPLIST_KEY_UISupportedInterfaceOrientations_iPad = "UIInterfaceOrientationLandscapeLeft UIInterfaceOrientationLandscapeRight UIInterfaceOrientationPortrait UIInterfaceOrientationPortraitUpsideDown";
				IPHONEOS_DEPLOYMENT_TARGET = 15.0;
				LD_RUNPATH_SEARCH_PATHS = (
					"$(inherited)",
					"@executable_path/Frameworks",
				);
				MARKETING_VERSION = 1.0;
				PRODUCT_BUNDLE_IDENTIFIER = sov.WeatherBrick;
				PRODUCT_NAME = "$(TARGET_NAME)";
				SUPPORTED_PLATFORMS = "iphoneos iphonesimulator";
				SUPPORTS_MACCATALYST = NO;
				SUPPORTS_MAC_DESIGNED_FOR_IPHONE_IPAD = NO;
				SWIFT_EMIT_LOC_STRINGS = YES;
				SWIFT_VERSION = 5.0;
				TARGETED_DEVICE_FAMILY = 1;
			};
			name = Release;
		};
		58ADA3AB29E2B38000121EC9 /* Debug */ = {
			isa = XCBuildConfiguration;
			buildSettings = {
				BUNDLE_LOADER = "$(TEST_HOST)";
				CODE_SIGN_STYLE = Automatic;
				CURRENT_PROJECT_VERSION = 1;
				GENERATE_INFOPLIST_FILE = YES;
				MARKETING_VERSION = 1.0;
				PRODUCT_BUNDLE_IDENTIFIER = sov.WeatherBrickTests;
				PRODUCT_NAME = "$(TARGET_NAME)";
				SWIFT_EMIT_LOC_STRINGS = NO;
				SWIFT_VERSION = 5.0;
				TARGETED_DEVICE_FAMILY = "1,2";
				TEST_HOST = "$(BUILT_PRODUCTS_DIR)/WeatherBrick.app/$(BUNDLE_EXECUTABLE_FOLDER_PATH)/WeatherBrick";
			};
			name = Debug;
		};
		58ADA3AC29E2B38000121EC9 /* Release */ = {
			isa = XCBuildConfiguration;
			buildSettings = {
				BUNDLE_LOADER = "$(TEST_HOST)";
				CODE_SIGN_STYLE = Automatic;
				CURRENT_PROJECT_VERSION = 1;
				GENERATE_INFOPLIST_FILE = YES;
				MARKETING_VERSION = 1.0;
				PRODUCT_BUNDLE_IDENTIFIER = sov.WeatherBrickTests;
				PRODUCT_NAME = "$(TARGET_NAME)";
				SWIFT_EMIT_LOC_STRINGS = NO;
				SWIFT_VERSION = 5.0;
				TARGETED_DEVICE_FAMILY = "1,2";
				TEST_HOST = "$(BUILT_PRODUCTS_DIR)/WeatherBrick.app/$(BUNDLE_EXECUTABLE_FOLDER_PATH)/WeatherBrick";
			};
			name = Release;
		};
/* End XCBuildConfiguration section */

/* Begin XCConfigurationList section */
		5886121929E58AC500B0C35B /* Build configuration list for PBXNativeTarget "WeatherBrickUITests" */ = {
			isa = XCConfigurationList;
			buildConfigurations = (
				5886121A29E58AC500B0C35B /* Debug */,
				5886121B29E58AC500B0C35B /* Release */,
			);
			defaultConfigurationIsVisible = 0;
			defaultConfigurationName = Release;
		};
		58ABCE8829BD212500AF0682 /* Build configuration list for PBXProject "WeatherBrick" */ = {
			isa = XCConfigurationList;
			buildConfigurations = (
				58ABCE9F29BD212700AF0682 /* Debug */,
				58ABCEA029BD212700AF0682 /* Release */,
			);
			defaultConfigurationIsVisible = 0;
			defaultConfigurationName = Release;
		};
		58ABCEA129BD212700AF0682 /* Build configuration list for PBXNativeTarget "WeatherBrick" */ = {
			isa = XCConfigurationList;
			buildConfigurations = (
				58ABCEA229BD212700AF0682 /* Debug */,
				58ABCEA329BD212700AF0682 /* Release */,
			);
			defaultConfigurationIsVisible = 0;
			defaultConfigurationName = Release;
		};
		58ADA3AD29E2B38000121EC9 /* Build configuration list for PBXNativeTarget "WeatherBrickTests" */ = {
			isa = XCConfigurationList;
			buildConfigurations = (
				58ADA3AB29E2B38000121EC9 /* Debug */,
				58ADA3AC29E2B38000121EC9 /* Release */,
			);
			defaultConfigurationIsVisible = 0;
			defaultConfigurationName = Release;
		};
/* End XCConfigurationList section */
	};
	rootObject = 58ABCE8529BD212500AF0682 /* Project object */;
}
